// !$*UTF8*$!
{
	archiveVersion = 1;
	classes = {
	};
	objectVersion = 50;
	objects = {

/* Begin PBXBuildFile section */
		7A52D28021CFEDB400ECD054 /* AppDelegate.swift in Sources */ = {isa = PBXBuildFile; fileRef = 7A52D27F21CFEDB400ECD054 /* AppDelegate.swift */; };
		7A52D28521CFEDB400ECD054 /* Main.storyboard in Resources */ = {isa = PBXBuildFile; fileRef = 7A52D28321CFEDB400ECD054 /* Main.storyboard */; };
		7A52D28821CFEDB400ECD054 /* DashBook1_1.xcdatamodeld in Sources */ = {isa = PBXBuildFile; fileRef = 7A52D28621CFEDB400ECD054 /* DashBook1_1.xcdatamodeld */; };
		7A52D28A21CFEDB500ECD054 /* Assets.xcassets in Resources */ = {isa = PBXBuildFile; fileRef = 7A52D28921CFEDB500ECD054 /* Assets.xcassets */; };
		7A52D28D21CFEDB500ECD054 /* LaunchScreen.storyboard in Resources */ = {isa = PBXBuildFile; fileRef = 7A52D28B21CFEDB500ECD054 /* LaunchScreen.storyboard */; };
		7A52D29821CFEDB500ECD054 /* DashBook1_1Tests.swift in Sources */ = {isa = PBXBuildFile; fileRef = 7A52D29721CFEDB500ECD054 /* DashBook1_1Tests.swift */; };
		7A52D2A321CFEDB500ECD054 /* DashBook1_1UITests.swift in Sources */ = {isa = PBXBuildFile; fileRef = 7A52D2A221CFEDB500ECD054 /* DashBook1_1UITests.swift */; };
		7A52D2B121CFF07000ECD054 /* DashBookTableViewController.swift in Sources */ = {isa = PBXBuildFile; fileRef = 7A52D2B021CFF07000ECD054 /* DashBookTableViewController.swift */; };
		7A52D2B321CFF15100ECD054 /* Dash.swift in Sources */ = {isa = PBXBuildFile; fileRef = 7A52D2B221CFF15100ECD054 /* Dash.swift */; };
		7A52D2B521D004AC00ECD054 /* AddDashViewController.swift in Sources */ = {isa = PBXBuildFile; fileRef = 7A52D2B421D004AC00ECD054 /* AddDashViewController.swift */; };
		7A52D2B721D00ED800ECD054 /* CompleteDashViewController.swift in Sources */ = {isa = PBXBuildFile; fileRef = 7A52D2B621D00ED800ECD054 /* CompleteDashViewController.swift */; };
/* End PBXBuildFile section */

/* Begin PBXContainerItemProxy section */
		7A52D29421CFEDB500ECD054 /* PBXContainerItemProxy */ = {
			isa = PBXContainerItemProxy;
			containerPortal = 7A52D27421CFEDB400ECD054 /* Project object */;
			proxyType = 1;
			remoteGlobalIDString = 7A52D27B21CFEDB400ECD054;
			remoteInfo = DashBook1.1;
		};
		7A52D29F21CFEDB500ECD054 /* PBXContainerItemProxy */ = {
			isa = PBXContainerItemProxy;
			containerPortal = 7A52D27421CFEDB400ECD054 /* Project object */;
			proxyType = 1;
			remoteGlobalIDString = 7A52D27B21CFEDB400ECD054;
			remoteInfo = DashBook1.1;
		};
/* End PBXContainerItemProxy section */

/* Begin PBXFileReference section */
		7A52D27C21CFEDB400ECD054 /* DashBook1.1.app */ = {isa = PBXFileReference; explicitFileType = wrapper.application; includeInIndex = 0; path = DashBook1.1.app; sourceTree = BUILT_PRODUCTS_DIR; };
		7A52D27F21CFEDB400ECD054 /* AppDelegate.swift */ = {isa = PBXFileReference; lastKnownFileType = sourcecode.swift; path = AppDelegate.swift; sourceTree = "<group>"; };
		7A52D28421CFEDB400ECD054 /* Base */ = {isa = PBXFileReference; lastKnownFileType = file.storyboard; name = Base; path = Base.lproj/Main.storyboard; sourceTree = "<group>"; };
		7A52D28721CFEDB400ECD054 /* DashBook1_1.xcdatamodel */ = {isa = PBXFileReference; lastKnownFileType = wrapper.xcdatamodel; path = DashBook1_1.xcdatamodel; sourceTree = "<group>"; };
		7A52D28921CFEDB500ECD054 /* Assets.xcassets */ = {isa = PBXFileReference; lastKnownFileType = folder.assetcatalog; path = Assets.xcassets; sourceTree = "<group>"; };
		7A52D28C21CFEDB500ECD054 /* Base */ = {isa = PBXFileReference; lastKnownFileType = file.storyboard; name = Base; path = Base.lproj/LaunchScreen.storyboard; sourceTree = "<group>"; };
		7A52D28E21CFEDB500ECD054 /* Info.plist */ = {isa = PBXFileReference; lastKnownFileType = text.plist.xml; path = Info.plist; sourceTree = "<group>"; };
		7A52D29321CFEDB500ECD054 /* DashBook1.1Tests.xctest */ = {isa = PBXFileReference; explicitFileType = wrapper.cfbundle; includeInIndex = 0; path = DashBook1.1Tests.xctest; sourceTree = BUILT_PRODUCTS_DIR; };
		7A52D29721CFEDB500ECD054 /* DashBook1_1Tests.swift */ = {isa = PBXFileReference; lastKnownFileType = sourcecode.swift; path = DashBook1_1Tests.swift; sourceTree = "<group>"; };
		7A52D29921CFEDB500ECD054 /* Info.plist */ = {isa = PBXFileReference; lastKnownFileType = text.plist.xml; path = Info.plist; sourceTree = "<group>"; };
		7A52D29E21CFEDB500ECD054 /* DashBook1.1UITests.xctest */ = {isa = PBXFileReference; explicitFileType = wrapper.cfbundle; includeInIndex = 0; path = DashBook1.1UITests.xctest; sourceTree = BUILT_PRODUCTS_DIR; };
		7A52D2A221CFEDB500ECD054 /* DashBook1_1UITests.swift */ = {isa = PBXFileReference; lastKnownFileType = sourcecode.swift; path = DashBook1_1UITests.swift; sourceTree = "<group>"; };
		7A52D2A421CFEDB500ECD054 /* Info.plist */ = {isa = PBXFileReference; lastKnownFileType = text.plist.xml; path = Info.plist; sourceTree = "<group>"; };
		7A52D2B021CFF07000ECD054 /* DashBookTableViewController.swift */ = {isa = PBXFileReference; lastKnownFileType = sourcecode.swift; path = DashBookTableViewController.swift; sourceTree = "<group>"; };
		7A52D2B221CFF15100ECD054 /* Dash.swift */ = {isa = PBXFileReference; lastKnownFileType = sourcecode.swift; path = Dash.swift; sourceTree = "<group>"; };
		7A52D2B421D004AC00ECD054 /* AddDashViewController.swift */ = {isa = PBXFileReference; lastKnownFileType = sourcecode.swift; path = AddDashViewController.swift; sourceTree = "<group>"; };
		7A52D2B621D00ED800ECD054 /* CompleteDashViewController.swift */ = {isa = PBXFileReference; lastKnownFileType = sourcecode.swift; path = CompleteDashViewController.swift; sourceTree = "<group>"; };
/* End PBXFileReference section */

/* Begin PBXFrameworksBuildPhase section */
		7A52D27921CFEDB400ECD054 /* Frameworks */ = {
			isa = PBXFrameworksBuildPhase;
			buildActionMask = 2147483647;
			files = (
			);
			runOnlyForDeploymentPostprocessing = 0;
		};
		7A52D29021CFEDB500ECD054 /* Frameworks */ = {
			isa = PBXFrameworksBuildPhase;
			buildActionMask = 2147483647;
			files = (
			);
			runOnlyForDeploymentPostprocessing = 0;
		};
		7A52D29B21CFEDB500ECD054 /* Frameworks */ = {
			isa = PBXFrameworksBuildPhase;
			buildActionMask = 2147483647;
			files = (
			);
			runOnlyForDeploymentPostprocessing = 0;
		};
/* End PBXFrameworksBuildPhase section */

/* Begin PBXGroup section */
		7A52D27321CFEDB400ECD054 = {
			isa = PBXGroup;
			children = (
				7A52D27E21CFEDB400ECD054 /* DashBook1.1 */,
				7A52D29621CFEDB500ECD054 /* DashBook1.1Tests */,
				7A52D2A121CFEDB500ECD054 /* DashBook1.1UITests */,
				7A52D27D21CFEDB400ECD054 /* Products */,
			);
			sourceTree = "<group>";
		};
		7A52D27D21CFEDB400ECD054 /* Products */ = {
			isa = PBXGroup;
			children = (
				7A52D27C21CFEDB400ECD054 /* DashBook1.1.app */,
				7A52D29321CFEDB500ECD054 /* DashBook1.1Tests.xctest */,
				7A52D29E21CFEDB500ECD054 /* DashBook1.1UITests.xctest */,
			);
			name = Products;
			sourceTree = "<group>";
		};
		7A52D27E21CFEDB400ECD054 /* DashBook1.1 */ = {
			isa = PBXGroup;
			children = (
				7A52D27F21CFEDB400ECD054 /* AppDelegate.swift */,
				7A52D2B021CFF07000ECD054 /* DashBookTableViewController.swift */,
				7A52D2B421D004AC00ECD054 /* AddDashViewController.swift */,
				7A52D2B621D00ED800ECD054 /* CompleteDashViewController.swift */,
				7A52D2B221CFF15100ECD054 /* Dash.swift */,
				7A52D28321CFEDB400ECD054 /* Main.storyboard */,
				7A52D28921CFEDB500ECD054 /* Assets.xcassets */,
				7A52D28B21CFEDB500ECD054 /* LaunchScreen.storyboard */,
				7A52D28E21CFEDB500ECD054 /* Info.plist */,
				7A52D28621CFEDB400ECD054 /* DashBook1_1.xcdatamodeld */,
			);
			path = DashBook1.1;
			sourceTree = "<group>";
		};
		7A52D29621CFEDB500ECD054 /* DashBook1.1Tests */ = {
			isa = PBXGroup;
			children = (
				7A52D29721CFEDB500ECD054 /* DashBook1_1Tests.swift */,
				7A52D29921CFEDB500ECD054 /* Info.plist */,
			);
			path = DashBook1.1Tests;
			sourceTree = "<group>";
		};
		7A52D2A121CFEDB500ECD054 /* DashBook1.1UITests */ = {
			isa = PBXGroup;
			children = (
				7A52D2A221CFEDB500ECD054 /* DashBook1_1UITests.swift */,
				7A52D2A421CFEDB500ECD054 /* Info.plist */,
			);
			path = DashBook1.1UITests;
			sourceTree = "<group>";
		};
/* End PBXGroup section */

/* Begin PBXNativeTarget section */
		7A52D27B21CFEDB400ECD054 /* DashBook1.1 */ = {
			isa = PBXNativeTarget;
			buildConfigurationList = 7A52D2A721CFEDB600ECD054 /* Build configuration list for PBXNativeTarget "DashBook1.1" */;
			buildPhases = (
				7A52D27821CFEDB400ECD054 /* Sources */,
				7A52D27921CFEDB400ECD054 /* Frameworks */,
				7A52D27A21CFEDB400ECD054 /* Resources */,
			);
			buildRules = (
			);
			dependencies = (
			);
			name = DashBook1.1;
			productName = DashBook1.1;
			productReference = 7A52D27C21CFEDB400ECD054 /* DashBook1.1.app */;
			productType = "com.apple.product-type.application";
		};
		7A52D29221CFEDB500ECD054 /* DashBook1.1Tests */ = {
			isa = PBXNativeTarget;
			buildConfigurationList = 7A52D2AA21CFEDB600ECD054 /* Build configuration list for PBXNativeTarget "DashBook1.1Tests" */;
			buildPhases = (
				7A52D28F21CFEDB500ECD054 /* Sources */,
				7A52D29021CFEDB500ECD054 /* Frameworks */,
				7A52D29121CFEDB500ECD054 /* Resources */,
			);
			buildRules = (
			);
			dependencies = (
				7A52D29521CFEDB500ECD054 /* PBXTargetDependency */,
			);
			name = DashBook1.1Tests;
			productName = DashBook1.1Tests;
			productReference = 7A52D29321CFEDB500ECD054 /* DashBook1.1Tests.xctest */;
			productType = "com.apple.product-type.bundle.unit-test";
		};
		7A52D29D21CFEDB500ECD054 /* DashBook1.1UITests */ = {
			isa = PBXNativeTarget;
			buildConfigurationList = 7A52D2AD21CFEDB600ECD054 /* Build configuration list for PBXNativeTarget "DashBook1.1UITests" */;
			buildPhases = (
				7A52D29A21CFEDB500ECD054 /* Sources */,
				7A52D29B21CFEDB500ECD054 /* Frameworks */,
				7A52D29C21CFEDB500ECD054 /* Resources */,
			);
			buildRules = (
			);
			dependencies = (
				7A52D2A021CFEDB500ECD054 /* PBXTargetDependency */,
			);
			name = DashBook1.1UITests;
			productName = DashBook1.1UITests;
			productReference = 7A52D29E21CFEDB500ECD054 /* DashBook1.1UITests.xctest */;
			productType = "com.apple.product-type.bundle.ui-testing";
		};
/* End PBXNativeTarget section */

/* Begin PBXProject section */
		7A52D27421CFEDB400ECD054 /* Project object */ = {
			isa = PBXProject;
			attributes = {
				LastSwiftUpdateCheck = 1010;
				LastUpgradeCheck = 1010;
				ORGANIZATIONNAME = SpotBerry;
				TargetAttributes = {
					7A52D27B21CFEDB400ECD054 = {
						CreatedOnToolsVersion = 10.1;
					};
					7A52D29221CFEDB500ECD054 = {
						CreatedOnToolsVersion = 10.1;
						TestTargetID = 7A52D27B21CFEDB400ECD054;
					};
					7A52D29D21CFEDB500ECD054 = {
						CreatedOnToolsVersion = 10.1;
						TestTargetID = 7A52D27B21CFEDB400ECD054;
					};
				};
			};
			buildConfigurationList = 7A52D27721CFEDB400ECD054 /* Build configuration list for PBXProject "DashBook1.1" */;
			compatibilityVersion = "Xcode 9.3";
			developmentRegion = en;
			hasScannedForEncodings = 0;
			knownRegions = (
				en,
				Base,
			);
			mainGroup = 7A52D27321CFEDB400ECD054;
			productRefGroup = 7A52D27D21CFEDB400ECD054 /* Products */;
			projectDirPath = "";
			projectRoot = "";
			targets = (
				7A52D27B21CFEDB400ECD054 /* DashBook1.1 */,
				7A52D29221CFEDB500ECD054 /* DashBook1.1Tests */,
				7A52D29D21CFEDB500ECD054 /* DashBook1.1UITests */,
			);
		};
/* End PBXProject section */

/* Begin PBXResourcesBuildPhase section */
		7A52D27A21CFEDB400ECD054 /* Resources */ = {
			isa = PBXResourcesBuildPhase;
			buildActionMask = 2147483647;
			files = (
				7A52D28D21CFEDB500ECD054 /* LaunchScreen.storyboard in Resources */,
				7A52D28A21CFEDB500ECD054 /* Assets.xcassets in Resources */,
				7A52D28521CFEDB400ECD054 /* Main.storyboard in Resources */,
			);
			runOnlyForDeploymentPostprocessing = 0;
		};
		7A52D29121CFEDB500ECD054 /* Resources */ = {
			isa = PBXResourcesBuildPhase;
			buildActionMask = 2147483647;
			files = (
			);
			runOnlyForDeploymentPostprocessing = 0;
		};
		7A52D29C21CFEDB500ECD054 /* Resources */ = {
			isa = PBXResourcesBuildPhase;
			buildActionMask = 2147483647;
			files = (
			);
			runOnlyForDeploymentPostprocessing = 0;
		};
/* End PBXResourcesBuildPhase section */

/* Begin PBXSourcesBuildPhase section */
		7A52D27821CFEDB400ECD054 /* Sources */ = {
			isa = PBXSourcesBuildPhase;
			buildActionMask = 2147483647;
			files = (
				7A52D28821CFEDB400ECD054 /* DashBook1_1.xcdatamodeld in Sources */,
				7A52D2B521D004AC00ECD054 /* AddDashViewController.swift in Sources */,
				7A52D2B321CFF15100ECD054 /* Dash.swift in Sources */,
				7A52D2B121CFF07000ECD054 /* DashBookTableViewController.swift in Sources */,
				7A52D2B721D00ED800ECD054 /* CompleteDashViewController.swift in Sources */,
				7A52D28021CFEDB400ECD054 /* AppDelegate.swift in Sources */,
			);
			runOnlyForDeploymentPostprocessing = 0;
		};
		7A52D28F21CFEDB500ECD054 /* Sources */ = {
			isa = PBXSourcesBuildPhase;
			buildActionMask = 2147483647;
			files = (
				7A52D29821CFEDB500ECD054 /* DashBook1_1Tests.swift in Sources */,
			);
			runOnlyForDeploymentPostprocessing = 0;
		};
		7A52D29A21CFEDB500ECD054 /* Sources */ = {
			isa = PBXSourcesBuildPhase;
			buildActionMask = 2147483647;
			files = (
				7A52D2A321CFEDB500ECD054 /* DashBook1_1UITests.swift in Sources */,
			);
			runOnlyForDeploymentPostprocessing = 0;
		};
/* End PBXSourcesBuildPhase section */

/* Begin PBXTargetDependency section */
		7A52D29521CFEDB500ECD054 /* PBXTargetDependency */ = {
			isa = PBXTargetDependency;
			target = 7A52D27B21CFEDB400ECD054 /* DashBook1.1 */;
			targetProxy = 7A52D29421CFEDB500ECD054 /* PBXContainerItemProxy */;
		};
		7A52D2A021CFEDB500ECD054 /* PBXTargetDependency */ = {
			isa = PBXTargetDependency;
			target = 7A52D27B21CFEDB400ECD054 /* DashBook1.1 */;
			targetProxy = 7A52D29F21CFEDB500ECD054 /* PBXContainerItemProxy */;
		};
/* End PBXTargetDependency section */

/* Begin PBXVariantGroup section */
		7A52D28321CFEDB400ECD054 /* Main.storyboard */ = {
			isa = PBXVariantGroup;
			children = (
				7A52D28421CFEDB400ECD054 /* Base */,
			);
			name = Main.storyboard;
			sourceTree = "<group>";
		};
		7A52D28B21CFEDB500ECD054 /* LaunchScreen.storyboard */ = {
			isa = PBXVariantGroup;
			children = (
				7A52D28C21CFEDB500ECD054 /* Base */,
			);
			name = LaunchScreen.storyboard;
			sourceTree = "<group>";
		};
/* End PBXVariantGroup section */

/* Begin XCBuildConfiguration section */
		7A52D2A521CFEDB600ECD054 /* Debug */ = {
			isa = XCBuildConfiguration;
			buildSettings = {
				ALWAYS_SEARCH_USER_PATHS = NO;
				CLANG_ANALYZER_NONNULL = YES;
				CLANG_ANALYZER_NUMBER_OBJECT_CONVERSION = YES_AGGRESSIVE;
				CLANG_CXX_LANGUAGE_STANDARD = "gnu++14";
				CLANG_CXX_LIBRARY = "libc++";
				CLANG_ENABLE_MODULES = YES;
				CLANG_ENABLE_OBJC_ARC = YES;
				CLANG_ENABLE_OBJC_WEAK = YES;
				CLANG_WARN_BLOCK_CAPTURE_AUTORELEASING = YES;
				CLANG_WARN_BOOL_CONVERSION = YES;
				CLANG_WARN_COMMA = YES;
				CLANG_WARN_CONSTANT_CONVERSION = YES;
				CLANG_WARN_DEPRECATED_OBJC_IMPLEMENTATIONS = YES;
				CLANG_WARN_DIRECT_OBJC_ISA_USAGE = YES_ERROR;
				CLANG_WARN_DOCUMENTATION_COMMENTS = YES;
				CLANG_WARN_EMPTY_BODY = YES;
				CLANG_WARN_ENUM_CONVERSION = YES;
				CLANG_WARN_INFINITE_RECURSION = YES;
				CLANG_WARN_INT_CONVERSION = YES;
				CLANG_WARN_NON_LITERAL_NULL_CONVERSION = YES;
				CLANG_WARN_OBJC_IMPLICIT_RETAIN_SELF = YES;
				CLANG_WARN_OBJC_LITERAL_CONVERSION = YES;
				CLANG_WARN_OBJC_ROOT_CLASS = YES_ERROR;
				CLANG_WARN_RANGE_LOOP_ANALYSIS = YES;
				CLANG_WARN_STRICT_PROTOTYPES = YES;
				CLANG_WARN_SUSPICIOUS_MOVE = YES;
				CLANG_WARN_UNGUARDED_AVAILABILITY = YES_AGGRESSIVE;
				CLANG_WARN_UNREACHABLE_CODE = YES;
				CLANG_WARN__DUPLICATE_METHOD_MATCH = YES;
				CODE_SIGN_IDENTITY = "iPhone Developer";
				COPY_PHASE_STRIP = NO;
				DEBUG_INFORMATION_FORMAT = dwarf;
				ENABLE_STRICT_OBJC_MSGSEND = YES;
				ENABLE_TESTABILITY = YES;
				GCC_C_LANGUAGE_STANDARD = gnu11;
				GCC_DYNAMIC_NO_PIC = NO;
				GCC_NO_COMMON_BLOCKS = YES;
				GCC_OPTIMIZATION_LEVEL = 0;
				GCC_PREPROCESSOR_DEFINITIONS = (
					"DEBUG=1",
					"$(inherited)",
				);
				GCC_WARN_64_TO_32_BIT_CONVERSION = YES;
				GCC_WARN_ABOUT_RETURN_TYPE = YES_ERROR;
				GCC_WARN_UNDECLARED_SELECTOR = YES;
				GCC_WARN_UNINITIALIZED_AUTOS = YES_AGGRESSIVE;
				GCC_WARN_UNUSED_FUNCTION = YES;
				GCC_WARN_UNUSED_VARIABLE = YES;
				IPHONEOS_DEPLOYMENT_TARGET = 12.1;
				MTL_ENABLE_DEBUG_INFO = INCLUDE_SOURCE;
				MTL_FAST_MATH = YES;
				ONLY_ACTIVE_ARCH = YES;
				SDKROOT = iphoneos;
				SWIFT_ACTIVE_COMPILATION_CONDITIONS = DEBUG;
				SWIFT_OPTIMIZATION_LEVEL = "-Onone";
			};
			name = Debug;
		};
		7A52D2A621CFEDB600ECD054 /* Release */ = {
			isa = XCBuildConfiguration;
			buildSettings = {
				ALWAYS_SEARCH_USER_PATHS = NO;
				CLANG_ANALYZER_NONNULL = YES;
				CLANG_ANALYZER_NUMBER_OBJECT_CONVERSION = YES_AGGRESSIVE;
				CLANG_CXX_LANGUAGE_STANDARD = "gnu++14";
				CLANG_CXX_LIBRARY = "libc++";
				CLANG_ENABLE_MODULES = YES;
				CLANG_ENABLE_OBJC_ARC = YES;
				CLANG_ENABLE_OBJC_WEAK = YES;
				CLANG_WARN_BLOCK_CAPTURE_AUTORELEASING = YES;
				CLANG_WARN_BOOL_CONVERSION = YES;
				CLANG_WARN_COMMA = YES;
				CLANG_WARN_CONSTANT_CONVERSION = YES;
				CLANG_WARN_DEPRECATED_OBJC_IMPLEMENTATIONS = YES;
				CLANG_WARN_DIRECT_OBJC_ISA_USAGE = YES_ERROR;
				CLANG_WARN_DOCUMENTATION_COMMENTS = YES;
				CLANG_WARN_EMPTY_BODY = YES;
				CLANG_WARN_ENUM_CONVERSION = YES;
				CLANG_WARN_INFINITE_RECURSION = YES;
				CLANG_WARN_INT_CONVERSION = YES;
				CLANG_WARN_NON_LITERAL_NULL_CONVERSION = YES;
				CLANG_WARN_OBJC_IMPLICIT_RETAIN_SELF = YES;
				CLANG_WARN_OBJC_LITERAL_CONVERSION = YES;
				CLANG_WARN_OBJC_ROOT_CLASS = YES_ERROR;
				CLANG_WARN_RANGE_LOOP_ANALYSIS = YES;
				CLANG_WARN_STRICT_PROTOTYPES = YES;
				CLANG_WARN_SUSPICIOUS_MOVE = YES;
				CLANG_WARN_UNGUARDED_AVAILABILITY = YES_AGGRESSIVE;
				CLANG_WARN_UNREACHABLE_CODE = YES;
				CLANG_WARN__DUPLICATE_METHOD_MATCH = YES;
				CODE_SIGN_IDENTITY = "iPhone Developer";
				COPY_PHASE_STRIP = NO;
				DEBUG_INFORMATION_FORMAT = "dwarf-with-dsym";
				ENABLE_NS_ASSERTIONS = NO;
				ENABLE_STRICT_OBJC_MSGSEND = YES;
				GCC_C_LANGUAGE_STANDARD = gnu11;
				GCC_NO_COMMON_BLOCKS = YES;
				GCC_WARN_64_TO_32_BIT_CONVERSION = YES;
				GCC_WARN_ABOUT_RETURN_TYPE = YES_ERROR;
				GCC_WARN_UNDECLARED_SELECTOR = YES;
				GCC_WARN_UNINITIALIZED_AUTOS = YES_AGGRESSIVE;
				GCC_WARN_UNUSED_FUNCTION = YES;
				GCC_WARN_UNUSED_VARIABLE = YES;
				IPHONEOS_DEPLOYMENT_TARGET = 12.1;
				MTL_ENABLE_DEBUG_INFO = NO;
				MTL_FAST_MATH = YES;
				SDKROOT = iphoneos;
				SWIFT_COMPILATION_MODE = wholemodule;
				SWIFT_OPTIMIZATION_LEVEL = "-O";
				VALIDATE_PRODUCT = YES;
			};
			name = Release;
		};
		7A52D2A821CFEDB600ECD054 /* Debug */ = {
			isa = XCBuildConfiguration;
			buildSettings = {
				ASSETCATALOG_COMPILER_APPICON_NAME = AppIcon;
				CODE_SIGN_STYLE = Automatic;
				DEVELOPMENT_TEAM = S4L44WN6BS;
				INFOPLIST_FILE = DashBook1.1/Info.plist;
				LD_RUNPATH_SEARCH_PATHS = (
					"$(inherited)",
					"@executable_path/Frameworks",
				);
				PRODUCT_BUNDLE_IDENTIFIER = "com.Appertry.DashBook1-1";
				PRODUCT_NAME = "$(TARGET_NAME)";
				SWIFT_VERSION = 4.2;
				TARGETED_DEVICE_FAMILY = "1,2";
			};
			name = Debug;
		};
		7A52D2A921CFEDB600ECD054 /* Release */ = {
			isa = XCBuildConfiguration;
			buildSettings = {
				ASSETCATALOG_COMPILER_APPICON_NAME = AppIcon;
				CODE_SIGN_STYLE = Automatic;
				DEVELOPMENT_TEAM = S4L44WN6BS;
				INFOPLIST_FILE = DashBook1.1/Info.plist;
				LD_RUNPATH_SEARCH_PATHS = (
					"$(inherited)",
					"@executable_path/Frameworks",
				);
				PRODUCT_BUNDLE_IDENTIFIER = "com.Appertry.DashBook1-1";
				PRODUCT_NAME = "$(TARGET_NAME)";
				SWIFT_VERSION = 4.2;
				TARGETED_DEVICE_FAMILY = "1,2";
			};
			name = Release;
		};
		7A52D2AB21CFEDB600ECD054 /* Debug */ = {
			isa = XCBuildConfiguration;
			buildSettings = {
				ALWAYS_EMBED_SWIFT_STANDARD_LIBRARIES = YES;
				BUNDLE_LOADER = "$(TEST_HOST)";
				CODE_SIGN_STYLE = Automatic;
				DEVELOPMENT_TEAM = S4L44WN6BS;
				INFOPLIST_FILE = DashBook1.1Tests/Info.plist;
				LD_RUNPATH_SEARCH_PATHS = (
					"$(inherited)",
					"@executable_path/Frameworks",
					"@loader_path/Frameworks",
				);
				PRODUCT_BUNDLE_IDENTIFIER = "com.Appertry.DashBook1-1Tests";
				PRODUCT_NAME = "$(TARGET_NAME)";
				SWIFT_VERSION = 4.2;
				TARGETED_DEVICE_FAMILY = "1,2";
				TEST_HOST = "$(BUILT_PRODUCTS_DIR)/DashBook1.1.app/DashBook1.1";
			};
			name = Debug;
		};
		7A52D2AC21CFEDB600ECD054 /* Release */ = {
			isa = XCBuildConfiguration;
			buildSettings = {
				ALWAYS_EMBED_SWIFT_STANDARD_LIBRARIES = YES;
				BUNDLE_LOADER = "$(TEST_HOST)";
				CODE_SIGN_STYLE = Automatic;
				DEVELOPMENT_TEAM = S4L44WN6BS;
				INFOPLIST_FILE = DashBook1.1Tests/Info.plist;
				LD_RUNPATH_SEARCH_PATHS = (
					"$(inherited)",
					"@executable_path/Frameworks",
					"@loader_path/Frameworks",
				);
				PRODUCT_BUNDLE_IDENTIFIER = "com.Appertry.DashBook1-1Tests";
				PRODUCT_NAME = "$(TARGET_NAME)";
				SWIFT_VERSION = 4.2;
				TARGETED_DEVICE_FAMILY = "1,2";
				TEST_HOST = "$(BUILT_PRODUCTS_DIR)/DashBook1.1.app/DashBook1.1";
			};
			name = Release;
		};
		7A52D2AE21CFEDB600ECD054 /* Debug */ = {
			isa = XCBuildConfiguration;
			buildSettings = {
				ALWAYS_EMBED_SWIFT_STANDARD_LIBRARIES = YES;
				CODE_SIGN_STYLE = Automatic;
				DEVELOPMENT_TEAM = S4L44WN6BS;
				INFOPLIST_FILE = DashBook1.1UITests/Info.plist;
				LD_RUNPATH_SEARCH_PATHS = (
					"$(inherited)",
					"@executable_path/Frameworks",
					"@loader_path/Frameworks",
				);
				PRODUCT_BUNDLE_IDENTIFIER = "com.Appertry.DashBook1-1UITests";
				PRODUCT_NAME = "$(TARGET_NAME)";
				SWIFT_VERSION = 4.2;
				TARGETED_DEVICE_FAMILY = "1,2";
				TEST_TARGET_NAME = DashBook1.1;
			};
			name = Debug;
		};
		7A52D2AF21CFEDB600ECD054 /* Release */ = {
			isa = XCBuildConfiguration;
			buildSettings = {
				ALWAYS_EMBED_SWIFT_STANDARD_LIBRARIES = YES;
				CODE_SIGN_STYLE = Automatic;
				DEVELOPMENT_TEAM = S4L44WN6BS;
				INFOPLIST_FILE = DashBook1.1UITests/Info.plist;
				LD_RUNPATH_SEARCH_PATHS = (
					"$(inherited)",
					"@executable_path/Frameworks",
					"@loader_path/Frameworks",
				);
				PRODUCT_BUNDLE_IDENTIFIER = "com.Appertry.DashBook1-1UITests";
				PRODUCT_NAME = "$(TARGET_NAME)";
				SWIFT_VERSION = 4.2;
				TARGETED_DEVICE_FAMILY = "1,2";
				TEST_TARGET_NAME = DashBook1.1;
			};
			name = Release;
		};
/* End XCBuildConfiguration section */

/* Begin XCConfigurationList section */
		7A52D27721CFEDB400ECD054 /* Build configuration list for PBXProject "DashBook1.1" */ = {
			isa = XCConfigurationList;
			buildConfigurations = (
				7A52D2A521CFEDB600ECD054 /* Debug */,
				7A52D2A621CFEDB600ECD054 /* Release */,
			);
			defaultConfigurationIsVisible = 0;
			defaultConfigurationName = Release;
		};
		7A52D2A721CFEDB600ECD054 /* Build configuration list for PBXNativeTarget "DashBook1.1" */ = {
			isa = XCConfigurationList;
			buildConfigurations = (
				7A52D2A821CFEDB600ECD054 /* Debug */,
				7A52D2A921CFEDB600ECD054 /* Release */,
			);
			defaultConfigurationIsVisible = 0;
			defaultConfigurationName = Release;
		};
		7A52D2AA21CFEDB600ECD054 /* Build configuration list for PBXNativeTarget "DashBook1.1Tests" */ = {
			isa = XCConfigurationList;
			buildConfigurations = (
				7A52D2AB21CFEDB600ECD054 /* Debug */,
				7A52D2AC21CFEDB600ECD054 /* Release */,
			);
			defaultConfigurationIsVisible = 0;
			defaultConfigurationName = Release;
		};
		7A52D2AD21CFEDB600ECD054 /* Build configuration list for PBXNativeTarget "DashBook1.1UITests" */ = {
			isa = XCConfigurationList;
			buildConfigurations = (
				7A52D2AE21CFEDB600ECD054 /* Debug */,
				7A52D2AF21CFEDB600ECD054 /* Release */,
			);
			defaultConfigurationIsVisible = 0;
			defaultConfigurationName = Release;
		};
/* End XCConfigurationList section */

/* Begin XCVersionGroup section */
		7A52D28621CFEDB400ECD054 /* DashBook1_1.xcdatamodeld */ = {
			isa = XCVersionGroup;
			children = (
				7A52D28721CFEDB400ECD054 /* DashBook1_1.xcdatamodel */,
			);
			currentVersion = 7A52D28721CFEDB400ECD054 /* DashBook1_1.xcdatamodel */;
			path = DashBook1_1.xcdatamodeld;
			sourceTree = "<group>";
			versionGroupType = wrapper.xcdatamodel;
		};
/* End XCVersionGroup section */
	};
	rootObject = 7A52D27421CFEDB400ECD054 /* Project object */;
}
